
Microsoft Visual Studio Solution File, Format Version 12.00
# Visual Studio Version 17
VisualStudioVersion = 17.1.32421.90
MinimumVisualStudioVersion = 10.0.40219.1
Project("{FAE04EC0-301F-11D3-BF4B-00C04F79EFBC}") = "Vidly2", "Vidly2\Vidly2.csproj", "{F7B5DD98-4BD5-447F-8100-4BF521714F32}"
EndProject
Global
	GlobalSection(SolutionConfigurationPlatforms) = preSolution
		Debug|Any CPU = Debug|Any CPU
		Release|Any CPU = Release|Any CPU
	EndGlobalSection
	GlobalSection(ProjectConfigurationPlatforms) = postSolution
		{F7B5DD98-4BD5-447F-8100-4BF521714F32}.Debug|Any CPU.ActiveCfg = Debug|Any CPU
		{F7B5DD98-4BD5-447F-8100-4BF521714F32}.Debug|Any CPU.Build.0 = Debug|Any CPU
		{F7B5DD98-4BD5-447F-8100-4BF521714F32}.Release|Any CPU.ActiveCfg = Release|Any CPU
		{F7B5DD98-4BD5-447F-8100-4BF521714F32}.Release|Any CPU.Build.0 = Release|Any CPU
	EndGlobalSection
	GlobalSection(SolutionProperties) = preSolution
		HideSolutionNode = FALSE
	EndGlobalSection
	GlobalSection(ExtensibilityGlobals) = postSolution
		SolutionGuid = {7AB17ECF-EA3A-47E7-A03A-53038784CA20}
	EndGlobalSection
EndGlobal
